
Microsoft Visual Studio Solution File, Format Version 12.00
# Visual Studio Version 17
VisualStudioVersion = 17.5.002.0
MinimumVisualStudioVersion = 10.0.40219.1
Project("{9A19103F-16F7-4668-BE54-9A1E7A4F7556}") = "TemplateWork", "TemplateWork.csproj", "{81BCED63-6350-4291-B70B-F881FB5B3AFA}"
EndProject
Global
	GlobalSection(SolutionConfigurationPlatforms) = preSolution
		Debug|Any CPU = Debug|Any CPU
		Release|Any CPU = Release|Any CPU
	EndGlobalSection
	GlobalSection(ProjectConfigurationPlatforms) = postSolution
		{81BCED63-6350-4291-B70B-F881FB5B3AFA}.Debug|Any CPU.ActiveCfg = Debug|Any CPU
		{81BCED63-6350-4291-B70B-F881FB5B3AFA}.Debug|Any CPU.Build.0 = Debug|Any CPU
		{81BCED63-6350-4291-B70B-F881FB5B3AFA}.Release|Any CPU.ActiveCfg = Release|Any CPU
		{81BCED63-6350-4291-B70B-F881FB5B3AFA}.Release|Any CPU.Build.0 = Release|Any CPU
	EndGlobalSection
	GlobalSection(SolutionProperties) = preSolution
		HideSolutionNode = FALSE
	EndGlobalSection
	GlobalSection(ExtensibilityGlobals) = postSolution
		SolutionGuid = {F93F2826-554C-4F99-9AFF-34152F156E56}
	EndGlobalSection
EndGlobal
